
Microsoft Visual Studio Solution File, Format Version 12.00
# Visual Studio Version 16
VisualStudioVersion = 16.0.31702.278
MinimumVisualStudioVersion = 10.0.40219.1
Project("{FAE04EC0-301F-11D3-BF4B-00C04F79EFBC}") = "TortugasNazarova", "TortugasNazarova.csproj", "{4EAE897A-6437-4141-91F9-47682AA76E54}"
EndProject
Global
	GlobalSection(SolutionConfigurationPlatforms) = preSolution
		Debug|Any CPU = Debug|Any CPU
		Release|Any CPU = Release|Any CPU
	EndGlobalSection
	GlobalSection(ProjectConfigurationPlatforms) = postSolution
		{4EAE897A-6437-4141-91F9-47682AA76E54}.Debug|Any CPU.ActiveCfg = Debug|Any CPU
		{4EAE897A-6437-4141-91F9-47682AA76E54}.Debug|Any CPU.Build.0 = Debug|Any CPU
		{4EAE897A-6437-4141-91F9-47682AA76E54}.Release|Any CPU.ActiveCfg = Release|Any CPU
		{4EAE897A-6437-4141-91F9-47682AA76E54}.Release|Any CPU.Build.0 = Release|Any CPU
	EndGlobalSection
	GlobalSection(SolutionProperties) = preSolution
		HideSolutionNode = FALSE
	EndGlobalSection
	GlobalSection(ExtensibilityGlobals) = postSolution
		SolutionGuid = {98ABEB22-8988-42F6-BF54-E315E59C06B0}
	EndGlobalSection
EndGlobal
